
Microsoft Visual Studio Solution File, Format Version 12.00
# Visual Studio 15
VisualStudioVersion = 15.0.28307.902
MinimumVisualStudioVersion = 10.0.40219.1
Project("{8BC9CEB8-8B4A-11D0-8D11-00A0C91BC942}") = "OpencvDepth", "OpencvDepth\OpencvDepth.vcxproj", "{2FBE454D-9235-4A7C-A5B4-13D4591AFA2A}"
EndProject
Global
	GlobalSection(SolutionConfigurationPlatforms) = preSolution
		Debug|x64 = Debug|x64
		Debug|x86 = Debug|x86
		Release|x64 = Release|x64
		Release|x86 = Release|x86
	EndGlobalSection
	GlobalSection(ProjectConfigurationPlatforms) = postSolution
		{2FBE454D-9235-4A7C-A5B4-13D4591AFA2A}.Debug|x64.ActiveCfg = Debug|x64
		{2FBE454D-9235-4A7C-A5B4-13D4591AFA2A}.Debug|x64.Build.0 = Debug|x64
		{2FBE454D-9235-4A7C-A5B4-13D4591AFA2A}.Debug|x86.ActiveCfg = Debug|Win32
		{2FBE454D-9235-4A7C-A5B4-13D4591AFA2A}.Debug|x86.Build.0 = Debug|Win32
		{2FBE454D-9235-4A7C-A5B4-13D4591AFA2A}.Release|x64.ActiveCfg = Release|x64
		{2FBE454D-9235-4A7C-A5B4-13D4591AFA2A}.Release|x64.Build.0 = Release|x64
		{2FBE454D-9235-4A7C-A5B4-13D4591AFA2A}.Release|x86.ActiveCfg = Release|Win32
		{2FBE454D-9235-4A7C-A5B4-13D4591AFA2A}.Release|x86.Build.0 = Release|Win32
	EndGlobalSection
	GlobalSection(SolutionProperties) = preSolution
		HideSolutionNode = FALSE
	EndGlobalSection
	GlobalSection(ExtensibilityGlobals) = postSolution
		SolutionGuid = {C04625C0-0EBE-4499-B2B5-BBBF7DBA3F37}
	EndGlobalSection
EndGlobal
